# THIS IS AN AUTOGENERATED FILE. DO NOT EDIT THIS FILE DIRECTLY.
# yarn lockfile v1


tailwindcss-stimulus-components@^5.1.1:
  version "5.1.1"
  resolved "https://registry.yarnpkg.com/tailwindcss-stimulus-components/-/tailwindcss-stimulus-components-5.1.1.tgz#0d1aee03819033844528863a0288de4dff54bfe5"
  integrity sha512-9e3H9WLZoGzWQBVOdYvxqM42MsJ4dfkfdrs3NGV+HYvHbIcF9tukl2MPKVZpBv/pP+puZbJv0lFgdn79IGVApA==
